
Microsoft Visual Studio Solution File, Format Version 12.00
# Visual Studio Version 16
VisualStudioVersion = 16.0.31424.327
MinimumVisualStudioVersion = 10.0.40219.1
Project("{8BC9CEB8-8B4A-11D0-8D11-00A0C91BC942}") = "VESCL", "VESCL.vcxproj", "{3CF48801-A4CE-49FB-BC90-2252E81D5D94}"
EndProject
Global
	GlobalSection(SolutionConfigurationPlatforms) = preSolution
		Debug|x64 = Debug|x64
		Release|x64 = Release|x64
	EndGlobalSection
	GlobalSection(ProjectConfigurationPlatforms) = postSolution
		{3CF48801-A4CE-49FB-BC90-2252E81D5D94}.Debug|x64.ActiveCfg = Debug|x64
		{3CF48801-A4CE-49FB-BC90-2252E81D5D94}.Debug|x64.Build.0 = Debug|x64
		{3CF48801-A4CE-49FB-BC90-2252E81D5D94}.Release|x64.ActiveCfg = Release|x64
		{3CF48801-A4CE-49FB-BC90-2252E81D5D94}.Release|x64.Build.0 = Release|x64
	EndGlobalSection
	GlobalSection(SolutionProperties) = preSolution
		HideSolutionNode = FALSE
	EndGlobalSection
	GlobalSection(ExtensibilityGlobals) = postSolution
		SolutionGuid = {7A8190F7-09A0-414D-86C4-4CD97B44B1A4}
	EndGlobalSection
EndGlobal
